{
    "doctrine/annotations": {
        "version": "2.0",
        "recipe": {
            "repo": "github.com/symfony/recipes",
            "branch": "main",
            "version": "1.10",
            "ref": "64d8583af5ea57b7afa4aba4b159907f3a148b05"
        }
    },
    "doctrine/doctrine-bundle": {
        "version": "2.11.3"
    },
    "doctrine/doctrine-migrations-bundle": {
        "version": "3.2.4"
    },
    "doctrine/orm": {
        "version": "2.16.3"
    },
    "lexik/jwt-authentication-bundle": {
        "version": "2.20.1"
    },
    "nelmio/cors-bundle": {
        "version": "2.3.1"
    },
    "phpdocumentor/reflection-docblock": {
        "version": "5.3.0"
    },
    "phpstan/phpdoc-parser": {
        "version": "1.24.4"
    },
    "phpunit/phpunit": {
        "version": "10.5.3"
    },
    "sensio/framework-extra-bundle": {
        "version": "6.2.10"
    },
    "symfony/browser-kit": {
        "version": "6.4.3"
    },
    "symfony/console": {
        "version": "6.4.3"
    },
    "symfony/css-selector": {
        "version": "6.4.3"
    },
    "symfony/debug-bundle": {
        "version": "6.4.3"
    },
    "symfony/dotenv": {
        "version": "6.4.3"
    },
    "symfony/expression-language": {
        "version": "6.4.3"
    },
    "symfony/flex": {
        "version": "2.3.3"
    },
    "symfony/framework-bundle": {
        "version": "6.4.3"
    },
    "symfony/maker-bundle": {
        "version": "1.50.0"
    },
    "symfony/messenger": {
        "version": "6.4.3"
    },
    "symfony/monolog-bundle": {
        "version": "3.8.0"
    },
    "symfony/phpunit-bridge": {
        "version": "7.0.0"
    },
    "symfony/routing": {
        "version": "6.4",
        "recipe": {
            "repo": "github.com/symfony/recipes",
            "branch": "main",
            "version": "6.2",
            "ref": "e0a11b4ccb8c9e70b574ff5ad3dfdcd41dec5aa6"
        },
        "files": [
            "config/packages/routing.yaml",
            "config/routes.yaml"
        ]
    },
    "symfony/runtime": {
        "version": "6.4.3"
    },
    "symfony/security-bundle": {
        "version": "6.4.3"
    },
    "symfony/serializer": {
        "version": "6.4.3"
    },
    "symfony/stopwatch": {
        "version": "6.4.3"
    },
    "symfony/twig-bundle": {
        "version": "6.4",
        "recipe": {
            "repo": "github.com/symfony/recipes",
            "branch": "main",
            "version": "6.4",
            "ref": "cab5fd2a13a45c266d45a7d9337e28dee6272877"
        },
        "files": [
            "config/packages/twig.yaml",
            "templates/base.html.twig"
        ]
    },
    "symfony/validator": {
        "version": "6.4.3"
    },
    "symfony/web-profiler-bundle": {
        "version": "6.4.3"
    },
    "symfony/yaml": {
        "version": "6.4.3"
    }
}
